
Microsoft Visual Studio Solution File, Format Version 12.00
# Visual Studio 15
Project("{F2A71F9B-5D33-465A-A702-920D77279786}") = "PLog", "PLog\PLog.fsproj", "{FDA79C84-9DC7-4CBA-BA49-0D7239DB41B2}"
EndProject
Project("{F2A71F9B-5D33-465A-A702-920D77279786}") = "PLog.Mac", "PLog.Mac\PLog.Mac.fsproj", "{45D43E66-FF00-4D05-A9DC-8B7A1B2316C2}"
EndProject
Project("{F2A71F9B-5D33-465A-A702-920D77279786}") = "PLog.Win", "PLog.Win\PLog.Win.fsproj", "{84191475-D877-4E5D-B943-3C1F5819AD6B}"
EndProject
Global
	GlobalSection(SolutionConfigurationPlatforms) = preSolution
		Debug|Any CPU = Debug|Any CPU
		Release|Any CPU = Release|Any CPU
	EndGlobalSection
	GlobalSection(ProjectConfigurationPlatforms) = postSolution
		{FDA79C84-9DC7-4CBA-BA49-0D7239DB41B2}.Debug|Any CPU.ActiveCfg = Debug|Any CPU
		{FDA79C84-9DC7-4CBA-BA49-0D7239DB41B2}.Debug|Any CPU.Build.0 = Debug|Any CPU
		{FDA79C84-9DC7-4CBA-BA49-0D7239DB41B2}.Release|Any CPU.ActiveCfg = Release|Any CPU
		{FDA79C84-9DC7-4CBA-BA49-0D7239DB41B2}.Release|Any CPU.Build.0 = Release|Any CPU
		{45D43E66-FF00-4D05-A9DC-8B7A1B2316C2}.Debug|Any CPU.ActiveCfg = Debug|Any CPU
		{45D43E66-FF00-4D05-A9DC-8B7A1B2316C2}.Debug|Any CPU.Build.0 = Debug|Any CPU
		{45D43E66-FF00-4D05-A9DC-8B7A1B2316C2}.Release|Any CPU.ActiveCfg = Release|Any CPU
		{45D43E66-FF00-4D05-A9DC-8B7A1B2316C2}.Release|Any CPU.Build.0 = Release|Any CPU
		{84191475-D877-4E5D-B943-3C1F5819AD6B}.Debug|Any CPU.ActiveCfg = Debug|Any CPU
		{84191475-D877-4E5D-B943-3C1F5819AD6B}.Debug|Any CPU.Build.0 = Debug|Any CPU
		{84191475-D877-4E5D-B943-3C1F5819AD6B}.Release|Any CPU.ActiveCfg = Release|Any CPU
		{84191475-D877-4E5D-B943-3C1F5819AD6B}.Release|Any CPU.Build.0 = Release|Any CPU
	EndGlobalSection
EndGlobal
